// !$*UTF8*$!
{
	archiveVersion = 1;
	classes = {
	};
	objectVersion = 50;
	objects = {

/* Begin PBXBuildFile section */
		C96A81CA21086FC2001600CF /* AppDelegate.swift in Sources */ = {isa = PBXBuildFile; fileRef = C96A81C921086FC2001600CF /* AppDelegate.swift */; };
		C96A81CC21086FC2001600CF /* ViewController.swift in Sources */ = {isa = PBXBuildFile; fileRef = C96A81CB21086FC2001600CF /* ViewController.swift */; };
		C96A81CE21086FC3001600CF /* Assets.xcassets in Resources */ = {isa = PBXBuildFile; fileRef = C96A81CD21086FC3001600CF /* Assets.xcassets */; };
		C96A81D121086FC3001600CF /* Main.storyboard in Resources */ = {isa = PBXBuildFile; fileRef = C96A81CF21086FC3001600CF /* Main.storyboard */; };
		C96A81DD21086FC3001600CF /* mejinaTests.swift in Sources */ = {isa = PBXBuildFile; fileRef = C96A81DC21086FC3001600CF /* mejinaTests.swift */; };
		C96A81E821086FC3001600CF /* mejinaUITests.swift in Sources */ = {isa = PBXBuildFile; fileRef = C96A81E721086FC3001600CF /* mejinaUITests.swift */; };
/* End PBXBuildFile section */

/* Begin PBXContainerItemProxy section */
		C96A81D921086FC3001600CF /* PBXContainerItemProxy */ = {
			isa = PBXContainerItemProxy;
			containerPortal = C96A81BE21086FC2001600CF /* Project object */;
			proxyType = 1;
			remoteGlobalIDString = C96A81C521086FC2001600CF;
			remoteInfo = mejina;
		};
		C96A81E421086FC3001600CF /* PBXContainerItemProxy */ = {
			isa = PBXContainerItemProxy;
			containerPortal = C96A81BE21086FC2001600CF /* Project object */;
			proxyType = 1;
			remoteGlobalIDString = C96A81C521086FC2001600CF;
			remoteInfo = mejina;
		};
/* End PBXContainerItemProxy section */

/* Begin PBXFileReference section */
		C96A81C621086FC2001600CF /* mejina.app */ = {isa = PBXFileReference; explicitFileType = wrapper.application; includeInIndex = 0; path = mejina.app; sourceTree = BUILT_PRODUCTS_DIR; };
		C96A81C921086FC2001600CF /* AppDelegate.swift */ = {isa = PBXFileReference; lastKnownFileType = sourcecode.swift; path = AppDelegate.swift; sourceTree = "<group>"; };
		C96A81CB21086FC2001600CF /* ViewController.swift */ = {isa = PBXFileReference; lastKnownFileType = sourcecode.swift; path = ViewController.swift; sourceTree = "<group>"; };
		C96A81CD21086FC3001600CF /* Assets.xcassets */ = {isa = PBXFileReference; lastKnownFileType = folder.assetcatalog; path = Assets.xcassets; sourceTree = "<group>"; };
		C96A81D021086FC3001600CF /* Base */ = {isa = PBXFileReference; lastKnownFileType = file.storyboard; name = Base; path = Base.lproj/Main.storyboard; sourceTree = "<group>"; };
		C96A81D221086FC3001600CF /* Info.plist */ = {isa = PBXFileReference; lastKnownFileType = text.plist.xml; path = Info.plist; sourceTree = "<group>"; };
		C96A81D321086FC3001600CF /* mejina.entitlements */ = {isa = PBXFileReference; lastKnownFileType = text.plist.entitlements; path = mejina.entitlements; sourceTree = "<group>"; };
		C96A81D821086FC3001600CF /* mejinaTests.xctest */ = {isa = PBXFileReference; explicitFileType = wrapper.cfbundle; includeInIndex = 0; path = mejinaTests.xctest; sourceTree = BUILT_PRODUCTS_DIR; };
		C96A81DC21086FC3001600CF /* mejinaTests.swift */ = {isa = PBXFileReference; lastKnownFileType = sourcecode.swift; path = mejinaTests.swift; sourceTree = "<group>"; };
		C96A81DE21086FC3001600CF /* Info.plist */ = {isa = PBXFileReference; lastKnownFileType = text.plist.xml; path = Info.plist; sourceTree = "<group>"; };
		C96A81E321086FC3001600CF /* mejinaUITests.xctest */ = {isa = PBXFileReference; explicitFileType = wrapper.cfbundle; includeInIndex = 0; path = mejinaUITests.xctest; sourceTree = BUILT_PRODUCTS_DIR; };
		C96A81E721086FC3001600CF /* mejinaUITests.swift */ = {isa = PBXFileReference; lastKnownFileType = sourcecode.swift; path = mejinaUITests.swift; sourceTree = "<group>"; };
		C96A81E921086FC3001600CF /* Info.plist */ = {isa = PBXFileReference; lastKnownFileType = text.plist.xml; path = Info.plist; sourceTree = "<group>"; };
/* End PBXFileReference section */

/* Begin PBXFrameworksBuildPhase section */
		C96A81C321086FC2001600CF /* Frameworks */ = {
			isa = PBXFrameworksBuildPhase;
			buildActionMask = 2147483647;
			files = (
			);
			runOnlyForDeploymentPostprocessing = 0;
		};
		C96A81D521086FC3001600CF /* Frameworks */ = {
			isa = PBXFrameworksBuildPhase;
			buildActionMask = 2147483647;
			files = (
			);
			runOnlyForDeploymentPostprocessing = 0;
		};
		C96A81E021086FC3001600CF /* Frameworks */ = {
			isa = PBXFrameworksBuildPhase;
			buildActionMask = 2147483647;
			files = (
			);
			runOnlyForDeploymentPostprocessing = 0;
		};
/* End PBXFrameworksBuildPhase section */

/* Begin PBXGroup section */
		C96A81BD21086FC2001600CF = {
			isa = PBXGroup;
			children = (
				C96A81C821086FC2001600CF /* mejina */,
				C96A81DB21086FC3001600CF /* mejinaTests */,
				C96A81E621086FC3001600CF /* mejinaUITests */,
				C96A81C721086FC2001600CF /* Products */,
			);
			sourceTree = "<group>";
		};
		C96A81C721086FC2001600CF /* Products */ = {
			isa = PBXGroup;
			children = (
				C96A81C621086FC2001600CF /* mejina.app */,
				C96A81D821086FC3001600CF /* mejinaTests.xctest */,
				C96A81E321086FC3001600CF /* mejinaUITests.xctest */,
			);
			name = Products;
			sourceTree = "<group>";
		};
		C96A81C821086FC2001600CF /* mejina */ = {
			isa = PBXGroup;
			children = (
				C96A81C921086FC2001600CF /* AppDelegate.swift */,
				C96A81CB21086FC2001600CF /* ViewController.swift */,
				C96A81CD21086FC3001600CF /* Assets.xcassets */,
				C96A81CF21086FC3001600CF /* Main.storyboard */,
				C96A81D221086FC3001600CF /* Info.plist */,
				C96A81D321086FC3001600CF /* mejina.entitlements */,
			);
			path = mejina;
			sourceTree = "<group>";
		};
		C96A81DB21086FC3001600CF /* mejinaTests */ = {
			isa = PBXGroup;
			children = (
				C96A81DC21086FC3001600CF /* mejinaTests.swift */,
				C96A81DE21086FC3001600CF /* Info.plist */,
			);
			path = mejinaTests;
			sourceTree = "<group>";
		};
		C96A81E621086FC3001600CF /* mejinaUITests */ = {
			isa = PBXGroup;
			children = (
				C96A81E721086FC3001600CF /* mejinaUITests.swift */,
				C96A81E921086FC3001600CF /* Info.plist */,
			);
			path = mejinaUITests;
			sourceTree = "<group>";
		};
/* End PBXGroup section */

/* Begin PBXNativeTarget section */
		C96A81C521086FC2001600CF /* mejina */ = {
			isa = PBXNativeTarget;
			buildConfigurationList = C96A81EC21086FC3001600CF /* Build configuration list for PBXNativeTarget "mejina" */;
			buildPhases = (
				C96A81C221086FC2001600CF /* Sources */,
				C96A81C321086FC2001600CF /* Frameworks */,
				C96A81C421086FC2001600CF /* Resources */,
			);
			buildRules = (
			);
			dependencies = (
			);
			name = mejina;
			productName = mejina;
			productReference = C96A81C621086FC2001600CF /* mejina.app */;
			productType = "com.apple.product-type.application";
		};
		C96A81D721086FC3001600CF /* mejinaTests */ = {
			isa = PBXNativeTarget;
			buildConfigurationList = C96A81EF21086FC3001600CF /* Build configuration list for PBXNativeTarget "mejinaTests" */;
			buildPhases = (
				C96A81D421086FC3001600CF /* Sources */,
				C96A81D521086FC3001600CF /* Frameworks */,
				C96A81D621086FC3001600CF /* Resources */,
			);
			buildRules = (
			);
			dependencies = (
				C96A81DA21086FC3001600CF /* PBXTargetDependency */,
			);
			name = mejinaTests;
			productName = mejinaTests;
			productReference = C96A81D821086FC3001600CF /* mejinaTests.xctest */;
			productType = "com.apple.product-type.bundle.unit-test";
		};
		C96A81E221086FC3001600CF /* mejinaUITests */ = {
			isa = PBXNativeTarget;
			buildConfigurationList = C96A81F221086FC3001600CF /* Build configuration list for PBXNativeTarget "mejinaUITests" */;
			buildPhases = (
				C96A81DF21086FC3001600CF /* Sources */,
				C96A81E021086FC3001600CF /* Frameworks */,
				C96A81E121086FC3001600CF /* Resources */,
			);
			buildRules = (
			);
			dependencies = (
				C96A81E521086FC3001600CF /* PBXTargetDependency */,
			);
			name = mejinaUITests;
			productName = mejinaUITests;
			productReference = C96A81E321086FC3001600CF /* mejinaUITests.xctest */;
			productType = "com.apple.product-type.bundle.ui-testing";
		};
/* End PBXNativeTarget section */

/* Begin PBXProject section */
		C96A81BE21086FC2001600CF /* Project object */ = {
			isa = PBXProject;
			attributes = {
				LastSwiftUpdateCheck = 0940;
				LastUpgradeCheck = 1250;
				ORGANIZATIONNAME = "AMANO TOMOO";
				TargetAttributes = {
					C96A81C521086FC2001600CF = {
						CreatedOnToolsVersion = 9.4.1;
						LastSwiftMigration = 1250;
					};
					C96A81D721086FC3001600CF = {
						CreatedOnToolsVersion = 9.4.1;
						LastSwiftMigration = 1250;
						TestTargetID = C96A81C521086FC2001600CF;
					};
					C96A81E221086FC3001600CF = {
						CreatedOnToolsVersion = 9.4.1;
						LastSwiftMigration = 1250;
						TestTargetID = C96A81C521086FC2001600CF;
					};
				};
			};
			buildConfigurationList = C96A81C121086FC2001600CF /* Build configuration list for PBXProject "mejina" */;
			compatibilityVersion = "Xcode 9.3";
			developmentRegion = en;
			hasScannedForEncodings = 0;
			knownRegions = (
				en,
				Base,
			);
			mainGroup = C96A81BD21086FC2001600CF;
			productRefGroup = C96A81C721086FC2001600CF /* Products */;
			projectDirPath = "";
			projectRoot = "";
			targets = (
				C96A81C521086FC2001600CF /* mejina */,
				C96A81D721086FC3001600CF /* mejinaTests */,
				C96A81E221086FC3001600CF /* mejinaUITests */,
			);
		};
/* End PBXProject section */

/* Begin PBXResourcesBuildPhase section */
		C96A81C421086FC2001600CF /* Resources */ = {
			isa = PBXResourcesBuildPhase;
			buildActionMask = 2147483647;
			files = (
				C96A81CE21086FC3001600CF /* Assets.xcassets in Resources */,
				C96A81D121086FC3001600CF /* Main.storyboard in Resources */,
			);
			runOnlyForDeploymentPostprocessing = 0;
		};
		C96A81D621086FC3001600CF /* Resources */ = {
			isa = PBXResourcesBuildPhase;
			buildActionMask = 2147483647;
			files = (
			);
			runOnlyForDeploymentPostprocessing = 0;
		};
		C96A81E121086FC3001600CF /* Resources */ = {
			isa = PBXResourcesBuildPhase;
			buildActionMask = 2147483647;
			files = (
			);
			runOnlyForDeploymentPostprocessing = 0;
		};
/* End PBXResourcesBuildPhase section */

/* Begin PBXSourcesBuildPhase section */
		C96A81C221086FC2001600CF /* Sources */ = {
			isa = PBXSourcesBuildPhase;
			buildActionMask = 2147483647;
			files = (
				C96A81CC21086FC2001600CF /* ViewController.swift in Sources */,
				C96A81CA21086FC2001600CF /* AppDelegate.swift in Sources */,
			);
			runOnlyForDeploymentPostprocessing = 0;
		};
		C96A81D421086FC3001600CF /* Sources */ = {
			isa = PBXSourcesBuildPhase;
			buildActionMask = 2147483647;
			files = (
				C96A81DD21086FC3001600CF /* mejinaTests.swift in Sources */,
			);
			runOnlyForDeploymentPostprocessing = 0;
		};
		C96A81DF21086FC3001600CF /* Sources */ = {
			isa = PBXSourcesBuildPhase;
			buildActionMask = 2147483647;
			files = (
				C96A81E821086FC3001600CF /* mejinaUITests.swift in Sources */,
			);
			runOnlyForDeploymentPostprocessing = 0;
		};
/* End PBXSourcesBuildPhase section */

/* Begin PBXTargetDependency section */
		C96A81DA21086FC3001600CF /* PBXTargetDependency */ = {
			isa = PBXTargetDependency;
			target = C96A81C521086FC2001600CF /* mejina */;
			targetProxy = C96A81D921086FC3001600CF /* PBXContainerItemProxy */;
		};
		C96A81E521086FC3001600CF /* PBXTargetDependency */ = {
			isa = PBXTargetDependency;
			target = C96A81C521086FC2001600CF /* mejina */;
			targetProxy = C96A81E421086FC3001600CF /* PBXContainerItemProxy */;
		};
/* End PBXTargetDependency section */

/* Begin PBXVariantGroup section */
		C96A81CF21086FC3001600CF /* Main.storyboard */ = {
			isa = PBXVariantGroup;
			children = (
				C96A81D021086FC3001600CF /* Base */,
			);
			name = Main.storyboard;
			sourceTree = "<group>";
		};
/* End PBXVariantGroup section */

/* Begin XCBuildConfiguration section */
		C96A81EA21086FC3001600CF /* Debug */ = {
			isa = XCBuildConfiguration;
			buildSettings = {
				ALWAYS_SEARCH_USER_PATHS = NO;
				CLANG_ANALYZER_NONNULL = YES;
				CLANG_ANALYZER_NUMBER_OBJECT_CONVERSION = YES_AGGRESSIVE;
				CLANG_CXX_LANGUAGE_STANDARD = "gnu++14";
				CLANG_CXX_LIBRARY = "libc++";
				CLANG_ENABLE_MODULES = YES;
				CLANG_ENABLE_OBJC_ARC = YES;
				CLANG_ENABLE_OBJC_WEAK = YES;
				CLANG_WARN_BLOCK_CAPTURE_AUTORELEASING = YES;
				CLANG_WARN_BOOL_CONVERSION = YES;
				CLANG_WARN_COMMA = YES;
				CLANG_WARN_CONSTANT_CONVERSION = YES;
				CLANG_WARN_DEPRECATED_OBJC_IMPLEMENTATIONS = YES;
				CLANG_WARN_DIRECT_OBJC_ISA_USAGE = YES_ERROR;
				CLANG_WARN_DOCUMENTATION_COMMENTS = YES;
				CLANG_WARN_EMPTY_BODY = YES;
				CLANG_WARN_ENUM_CONVERSION = YES;
				CLANG_WARN_INFINITE_RECURSION = YES;
				CLANG_WARN_INT_CONVERSION = YES;
				CLANG_WARN_NON_LITERAL_NULL_CONVERSION = YES;
				CLANG_WARN_OBJC_IMPLICIT_RETAIN_SELF = YES;
				CLANG_WARN_OBJC_LITERAL_CONVERSION = YES;
				CLANG_WARN_OBJC_ROOT_CLASS = YES_ERROR;
				CLANG_WARN_QUOTED_INCLUDE_IN_FRAMEWORK_HEADER = YES;
				CLANG_WARN_RANGE_LOOP_ANALYSIS = YES;
				CLANG_WARN_STRICT_PROTOTYPES = YES;
				CLANG_WARN_SUSPICIOUS_MOVE = YES;
				CLANG_WARN_UNGUARDED_AVAILABILITY = YES_AGGRESSIVE;
				CLANG_WARN_UNREACHABLE_CODE = YES;
				CLANG_WARN__DUPLICATE_METHOD_MATCH = YES;
				CODE_SIGN_IDENTITY = "-";
				COPY_PHASE_STRIP = NO;
				DEBUG_INFORMATION_FORMAT = dwarf;
				ENABLE_STRICT_OBJC_MSGSEND = YES;
				ENABLE_TESTABILITY = YES;
				GCC_C_LANGUAGE_STANDARD = gnu11;
				GCC_DYNAMIC_NO_PIC = NO;
				GCC_NO_COMMON_BLOCKS = YES;
				GCC_OPTIMIZATION_LEVEL = 0;
				GCC_PREPROCESSOR_DEFINITIONS = (
					"DEBUG=1",
					"$(inherited)",
				);
				GCC_WARN_64_TO_32_BIT_CONVERSION = YES;
				GCC_WARN_ABOUT_RETURN_TYPE = YES_ERROR;
				GCC_WARN_UNDECLARED_SELECTOR = YES;
				GCC_WARN_UNINITIALIZED_AUTOS = YES_AGGRESSIVE;
				GCC_WARN_UNUSED_FUNCTION = YES;
				GCC_WARN_UNUSED_VARIABLE = YES;
				MACOSX_DEPLOYMENT_TARGET = 10.13;
				MTL_ENABLE_DEBUG_INFO = YES;
				ONLY_ACTIVE_ARCH = YES;
				SDKROOT = macosx;
				SWIFT_ACTIVE_COMPILATION_CONDITIONS = DEBUG;
				SWIFT_OPTIMIZATION_LEVEL = "-Onone";
			};
			name = Debug;
		};
		C96A81EB21086FC3001600CF /* Release */ = {
			isa = XCBuildConfiguration;
			buildSettings = {
				ALWAYS_SEARCH_USER_PATHS = NO;
				CLANG_ANALYZER_NONNULL = YES;
				CLANG_ANALYZER_NUMBER_OBJECT_CONVERSION = YES_AGGRESSIVE;
				CLANG_CXX_LANGUAGE_STANDARD = "gnu++14";
				CLANG_CXX_LIBRARY = "libc++";
				CLANG_ENABLE_MODULES = YES;
				CLANG_ENABLE_OBJC_ARC = YES;
				CLANG_ENABLE_OBJC_WEAK = YES;
				CLANG_WARN_BLOCK_CAPTURE_AUTORELEASING = YES;
				CLANG_WARN_BOOL_CONVERSION = YES;
				CLANG_WARN_COMMA = YES;
				CLANG_WARN_CONSTANT_CONVERSION = YES;
				CLANG_WARN_DEPRECATED_OBJC_IMPLEMENTATIONS = YES;
				CLANG_WARN_DIRECT_OBJC_ISA_USAGE = YES_ERROR;
				CLANG_WARN_DOCUMENTATION_COMMENTS = YES;
				CLANG_WARN_EMPTY_BODY = YES;
				CLANG_WARN_ENUM_CONVERSION = YES;
				CLANG_WARN_INFINITE_RECURSION = YES;
				CLANG_WARN_INT_CONVERSION = YES;
				CLANG_WARN_NON_LITERAL_NULL_CONVERSION = YES;
				CLANG_WARN_OBJC_IMPLICIT_RETAIN_SELF = YES;
				CLANG_WARN_OBJC_LITERAL_CONVERSION = YES;
				CLANG_WARN_OBJC_ROOT_CLASS = YES_ERROR;
				CLANG_WARN_QUOTED_INCLUDE_IN_FRAMEWORK_HEADER = YES;
				CLANG_WARN_RANGE_LOOP_ANALYSIS = YES;
				CLANG_WARN_STRICT_PROTOTYPES = YES;
				CLANG_WARN_SUSPICIOUS_MOVE = YES;
				CLANG_WARN_UNGUARDED_AVAILABILITY = YES_AGGRESSIVE;
				CLANG_WARN_UNREACHABLE_CODE = YES;
				CLANG_WARN__DUPLICATE_METHOD_MATCH = YES;
				CODE_SIGN_IDENTITY = "-";
				COPY_PHASE_STRIP = NO;
				DEBUG_INFORMATION_FORMAT = "dwarf-with-dsym";
				ENABLE_NS_ASSERTIONS = NO;
				ENABLE_STRICT_OBJC_MSGSEND = YES;
				GCC_C_LANGUAGE_STANDARD = gnu11;
				GCC_NO_COMMON_BLOCKS = YES;
				GCC_WARN_64_TO_32_BIT_CONVERSION = YES;
				GCC_WARN_ABOUT_RETURN_TYPE = YES_ERROR;
				GCC_WARN_UNDECLARED_SELECTOR = YES;
				GCC_WARN_UNINITIALIZED_AUTOS = YES_AGGRESSIVE;
				GCC_WARN_UNUSED_FUNCTION = YES;
				GCC_WARN_UNUSED_VARIABLE = YES;
				MACOSX_DEPLOYMENT_TARGET = 10.13;
				MTL_ENABLE_DEBUG_INFO = NO;
				SDKROOT = macosx;
				SWIFT_COMPILATION_MODE = wholemodule;
				SWIFT_OPTIMIZATION_LEVEL = "-O";
			};
			name = Release;
		};
		C96A81ED21086FC3001600CF /* Debug */ = {
			isa = XCBuildConfiguration;
			buildSettings = {
				ASSETCATALOG_COMPILER_APPICON_NAME = AppIcon;
				CODE_SIGN_ENTITLEMENTS = mejina/mejina.entitlements;
				CODE_SIGN_IDENTITY = "-";
				CODE_SIGN_STYLE = Automatic;
				COMBINE_HIDPI_IMAGES = YES;
				INFOPLIST_FILE = mejina/Info.plist;
				LD_RUNPATH_SEARCH_PATHS = (
					"$(inherited)",
					"@executable_path/../Frameworks",
				);
				PRODUCT_BUNDLE_IDENTIFIER = net.vg4.mejina;
				PRODUCT_NAME = "$(TARGET_NAME)";
				SWIFT_VERSION = 5.0;
			};
			name = Debug;
		};
		C96A81EE21086FC3001600CF /* Release */ = {
			isa = XCBuildConfiguration;
			buildSettings = {
				ASSETCATALOG_COMPILER_APPICON_NAME = AppIcon;
				CODE_SIGN_ENTITLEMENTS = mejina/mejina.entitlements;
				CODE_SIGN_IDENTITY = "-";
				CODE_SIGN_STYLE = Automatic;
				COMBINE_HIDPI_IMAGES = YES;
				INFOPLIST_FILE = mejina/Info.plist;
				LD_RUNPATH_SEARCH_PATHS = (
					"$(inherited)",
					"@executable_path/../Frameworks",
				);
				PRODUCT_BUNDLE_IDENTIFIER = net.vg4.mejina;
				PRODUCT_NAME = "$(TARGET_NAME)";
				SWIFT_VERSION = 5.0;
			};
			name = Release;
		};
		C96A81F021086FC3001600CF /* Debug */ = {
			isa = XCBuildConfiguration;
			buildSettings = {
				ALWAYS_EMBED_SWIFT_STANDARD_LIBRARIES = YES;
				BUNDLE_LOADER = "$(TEST_HOST)";
				CODE_SIGN_STYLE = Automatic;
				COMBINE_HIDPI_IMAGES = YES;
				INFOPLIST_FILE = mejinaTests/Info.plist;
				LD_RUNPATH_SEARCH_PATHS = (
					"$(inherited)",
					"@executable_path/../Frameworks",
					"@loader_path/../Frameworks",
				);
				PRODUCT_BUNDLE_IDENTIFIER = net.vg4.mejinaTests;
				PRODUCT_NAME = "$(TARGET_NAME)";
				SWIFT_VERSION = 5.0;
				TEST_HOST = "$(BUILT_PRODUCTS_DIR)/mejina.app/Contents/MacOS/mejina";
			};
			name = Debug;
		};
		C96A81F121086FC3001600CF /* Release */ = {
			isa = XCBuildConfiguration;
			buildSettings = {
				ALWAYS_EMBED_SWIFT_STANDARD_LIBRARIES = YES;
				BUNDLE_LOADER = "$(TEST_HOST)";
				CODE_SIGN_STYLE = Automatic;
				COMBINE_HIDPI_IMAGES = YES;
				INFOPLIST_FILE = mejinaTests/Info.plist;
				LD_RUNPATH_SEARCH_PATHS = (
					"$(inherited)",
					"@executable_path/../Frameworks",
					"@loader_path/../Frameworks",
				);
				PRODUCT_BUNDLE_IDENTIFIER = net.vg4.mejinaTests;
				PRODUCT_NAME = "$(TARGET_NAME)";
				SWIFT_VERSION = 5.0;
				TEST_HOST = "$(BUILT_PRODUCTS_DIR)/mejina.app/Contents/MacOS/mejina";
			};
			name = Release;
		};
		C96A81F321086FC3001600CF /* Debug */ = {
			isa = XCBuildConfiguration;
			buildSettings = {
				ALWAYS_EMBED_SWIFT_STANDARD_LIBRARIES = YES;
				CODE_SIGN_STYLE = Automatic;
				COMBINE_HIDPI_IMAGES = YES;
				INFOPLIST_FILE = mejinaUITests/Info.plist;
				LD_RUNPATH_SEARCH_PATHS = (
					"$(inherited)",
					"@executable_path/../Frameworks",
					"@loader_path/../Frameworks",
				);
				PRODUCT_BUNDLE_IDENTIFIER = net.vg4.mejinaUITests;
				PRODUCT_NAME = "$(TARGET_NAME)";
				SWIFT_VERSION = 5.0;
				TEST_TARGET_NAME = mejina;
			};
			name = Debug;
		};
		C96A81F421086FC3001600CF /* Release */ = {
			isa = XCBuildConfiguration;
			buildSettings = {
				ALWAYS_EMBED_SWIFT_STANDARD_LIBRARIES = YES;
				CODE_SIGN_STYLE = Automatic;
				COMBINE_HIDPI_IMAGES = YES;
				INFOPLIST_FILE = mejinaUITests/Info.plist;
				LD_RUNPATH_SEARCH_PATHS = (
					"$(inherited)",
					"@executable_path/../Frameworks",
					"@loader_path/../Frameworks",
				);
				PRODUCT_BUNDLE_IDENTIFIER = net.vg4.mejinaUITests;
				PRODUCT_NAME = "$(TARGET_NAME)";
				SWIFT_VERSION = 5.0;
				TEST_TARGET_NAME = mejina;
			};
			name = Release;
		};
/* End XCBuildConfiguration section */

/* Begin XCConfigurationList section */
		C96A81C121086FC2001600CF /* Build configuration list for PBXProject "mejina" */ = {
			isa = XCConfigurationList;
			buildConfigurations = (
				C96A81EA21086FC3001600CF /* Debug */,
				C96A81EB21086FC3001600CF /* Release */,
			);
			defaultConfigurationIsVisible = 0;
			defaultConfigurationName = Release;
		};
		C96A81EC21086FC3001600CF /* Build configuration list for PBXNativeTarget "mejina" */ = {
			isa = XCConfigurationList;
			buildConfigurations = (
				C96A81ED21086FC3001600CF /* Debug */,
				C96A81EE21086FC3001600CF /* Release */,
			);
			defaultConfigurationIsVisible = 0;
			defaultConfigurationName = Release;
		};
		C96A81EF21086FC3001600CF /* Build configuration list for PBXNativeTarget "mejinaTests" */ = {
			isa = XCConfigurationList;
			buildConfigurations = (
				C96A81F021086FC3001600CF /* Debug */,
				C96A81F121086FC3001600CF /* Release */,
			);
			defaultConfigurationIsVisible = 0;
			defaultConfigurationName = Release;
		};
		C96A81F221086FC3001600CF /* Build configuration list for PBXNativeTarget "mejinaUITests" */ = {
			isa = XCConfigurationList;
			buildConfigurations = (
				C96A81F321086FC3001600CF /* Debug */,
				C96A81F421086FC3001600CF /* Release */,
			);
			defaultConfigurationIsVisible = 0;
			defaultConfigurationName = Release;
		};
/* End XCConfigurationList section */
	};
	rootObject = C96A81BE21086FC2001600CF /* Project object */;
}
